
Microsoft Visual Studio Solution File, Format Version 12.00
# Visual Studio Version 16
VisualStudioVersion = 16.0.30611.23
MinimumVisualStudioVersion = 10.0.40219.1
Project("{FAE04EC0-301F-11D3-BF4B-00C04F79EFBC}") = "khairzamanov_LR1", "khairzamanov_LR1.csproj", "{8335455A-7D25-4137-897F-B4322FEF4427}"
EndProject
Global
	GlobalSection(SolutionConfigurationPlatforms) = preSolution
		Debug|Any CPU = Debug|Any CPU
		Release|Any CPU = Release|Any CPU
	EndGlobalSection
	GlobalSection(ProjectConfigurationPlatforms) = postSolution
		{8335455A-7D25-4137-897F-B4322FEF4427}.Debug|Any CPU.ActiveCfg = Debug|Any CPU
		{8335455A-7D25-4137-897F-B4322FEF4427}.Debug|Any CPU.Build.0 = Debug|Any CPU
		{8335455A-7D25-4137-897F-B4322FEF4427}.Release|Any CPU.ActiveCfg = Release|Any CPU
		{8335455A-7D25-4137-897F-B4322FEF4427}.Release|Any CPU.Build.0 = Release|Any CPU
	EndGlobalSection
	GlobalSection(SolutionProperties) = preSolution
		HideSolutionNode = FALSE
	EndGlobalSection
	GlobalSection(ExtensibilityGlobals) = postSolution
		SolutionGuid = {525A6C18-EF3F-4577-8691-D3D5CBCD5648}
	EndGlobalSection
EndGlobal
